// !$*UTF8*$!
{
	archiveVersion = 1;
	classes = {
	};
	objectVersion = 46;
	objects = {

/* Begin PBXFileReference section */
		AF53132119D86A9500CFD225 /* main.c */ = {isa = PBXFileReference; lastKnownFileType = sourcecode.c.c; path = main.c; sourceTree = "<group>"; };
/* End PBXFileReference section */

/* Begin PBXGroup section */
		AF53131A19D86A3C00CFD225 = {
			isa = PBXGroup;
			children = (
				AF53132119D86A9500CFD225 /* main.c */,
			);
			sourceTree = "<group>";
		};
/* End PBXGroup section */

/* Begin PBXProject section */
		AF53131B19D86A3C00CFD225 /* Project object */ = {
			isa = PBXProject;
			attributes = {
				LastUpgradeCheck = 0600;
			};
			buildConfigurationList = AF53131E19D86A3C00CFD225 /* Build configuration list for PBXProject "C-Starter-Project" */;
			compatibilityVersion = "Xcode 3.2";
			developmentRegion = English;
			hasScannedForEncodings = 0;
			knownRegions = (
				en,
			);
			mainGroup = AF53131A19D86A3C00CFD225;
			projectDirPath = "";
			projectRoot = "";
			targets = (
			);
		};
/* End PBXProject section */

/* Begin XCBuildConfiguration section */
		AF53131F19D86A3C00CFD225 /* Debug */ = {
			isa = XCBuildConfiguration;
			buildSettings = {
			};
			name = Debug;
		};
		AF53132019D86A3C00CFD225 /* Release */ = {
			isa = XCBuildConfiguration;
			buildSettings = {
			};
			name = Release;
		};
/* End XCBuildConfiguration section */

/* Begin XCConfigurationList section */
		AF53131E19D86A3C00CFD225 /* Build configuration list for PBXProject "C-Starter-Project" */ = {
			isa = XCConfigurationList;
			buildConfigurations = (
				AF53131F19D86A3C00CFD225 /* Debug */,
				AF53132019D86A3C00CFD225 /* Release */,
			);
			defaultConfigurationIsVisible = 0;
			defaultConfigurationName = Release;
		};
/* End XCConfigurationList section */
	};
	rootObject = AF53131B19D86A3C00CFD225 /* Project object */;
}
